
Microsoft Visual Studio Solution File, Format Version 12.00
# Visual Studio Version 17
VisualStudioVersion = 17.11.35219.272
MinimumVisualStudioVersion = 10.0.40219.1
Project("{FAE04EC0-301F-11D3-BF4B-00C04F79EFBC}") = "News", "News\News.csproj", "{38FE004E-5F51-4D10-9768-3A2C74A3131C}"
EndProject
Global
	GlobalSection(SolutionConfigurationPlatforms) = preSolution
		Debug|Any CPU = Debug|Any CPU
		Release|Any CPU = Release|Any CPU
	EndGlobalSection
	GlobalSection(ProjectConfigurationPlatforms) = postSolution
		{38FE004E-5F51-4D10-9768-3A2C74A3131C}.Debug|Any CPU.ActiveCfg = Debug|Any CPU
		{38FE004E-5F51-4D10-9768-3A2C74A3131C}.Debug|Any CPU.Build.0 = Debug|Any CPU
		{38FE004E-5F51-4D10-9768-3A2C74A3131C}.Release|Any CPU.ActiveCfg = Release|Any CPU
		{38FE004E-5F51-4D10-9768-3A2C74A3131C}.Release|Any CPU.Build.0 = Release|Any CPU
	EndGlobalSection
	GlobalSection(SolutionProperties) = preSolution
		HideSolutionNode = FALSE
	EndGlobalSection
	GlobalSection(ExtensibilityGlobals) = postSolution
		SolutionGuid = {7CA75642-1E6A-4679-A131-EDE2DA8A63DF}
	EndGlobalSection
EndGlobal
